
Microsoft Visual Studio Solution File, Format Version 12.00
# Visual Studio Version 17
VisualStudioVersion = 17.5.33516.290
MinimumVisualStudioVersion = 10.0.40219.1
Project("{FAE04EC0-301F-11D3-BF4B-00C04F79EFBC}") = "GameStore.BLL", "GameStore.BLL\GameStore.BLL.csproj", "{CACE87AF-3913-4D0E-A4AA-440EF220FAE9}"
EndProject
Project("{FAE04EC0-301F-11D3-BF4B-00C04F79EFBC}") = "GameStore.DAL", "GameStore.DAL\GameStore.DAL.csproj", "{DF689398-A82B-4FFF-8914-EB52A935FA67}"
EndProject
Project("{FAE04EC0-301F-11D3-BF4B-00C04F79EFBC}") = "GameStore.Api", "GameStore.Api\GameStore.Api.csproj", "{95CFC4EB-49AA-4C04-9C78-C87A3806EF51}"
EndProject
Global
	GlobalSection(SolutionConfigurationPlatforms) = preSolution
		Debug|Any CPU = Debug|Any CPU
		Release|Any CPU = Release|Any CPU
	EndGlobalSection
	GlobalSection(ProjectConfigurationPlatforms) = postSolution
		{CACE87AF-3913-4D0E-A4AA-440EF220FAE9}.Debug|Any CPU.ActiveCfg = Debug|Any CPU
		{CACE87AF-3913-4D0E-A4AA-440EF220FAE9}.Debug|Any CPU.Build.0 = Debug|Any CPU
		{CACE87AF-3913-4D0E-A4AA-440EF220FAE9}.Release|Any CPU.ActiveCfg = Release|Any CPU
		{CACE87AF-3913-4D0E-A4AA-440EF220FAE9}.Release|Any CPU.Build.0 = Release|Any CPU
		{DF689398-A82B-4FFF-8914-EB52A935FA67}.Debug|Any CPU.ActiveCfg = Debug|Any CPU
		{DF689398-A82B-4FFF-8914-EB52A935FA67}.Debug|Any CPU.Build.0 = Debug|Any CPU
		{DF689398-A82B-4FFF-8914-EB52A935FA67}.Release|Any CPU.ActiveCfg = Release|Any CPU
		{DF689398-A82B-4FFF-8914-EB52A935FA67}.Release|Any CPU.Build.0 = Release|Any CPU
		{95CFC4EB-49AA-4C04-9C78-C87A3806EF51}.Debug|Any CPU.ActiveCfg = Debug|Any CPU
		{95CFC4EB-49AA-4C04-9C78-C87A3806EF51}.Debug|Any CPU.Build.0 = Debug|Any CPU
		{95CFC4EB-49AA-4C04-9C78-C87A3806EF51}.Release|Any CPU.ActiveCfg = Release|Any CPU
		{95CFC4EB-49AA-4C04-9C78-C87A3806EF51}.Release|Any CPU.Build.0 = Release|Any CPU
	EndGlobalSection
	GlobalSection(SolutionProperties) = preSolution
		HideSolutionNode = FALSE
	EndGlobalSection
	GlobalSection(ExtensibilityGlobals) = postSolution
		SolutionGuid = {11C07BD1-183C-47FA-BE42-102E51791D91}
	EndGlobalSection
EndGlobal
